// !$*UTF8*$!
{
	archiveVersion = 1;
	classes = {
	};
	objectVersion = 46;
	objects = {

/* Begin PBXBuildFile section */
		3D299146B7A849DBB078E8C6 /* libPods-WeatherUndergroundTests.a in Frameworks */ = {isa = PBXBuildFile; fileRef = 88A74BD22FE94504A2286D26 /* libPods-WeatherUndergroundTests.a */; };
		50A2E602C25340C9ACBBAACC /* libPods-WeatherUnderground.a in Frameworks */ = {isa = PBXBuildFile; fileRef = 3C9CBCBD2C02462194899092 /* libPods-WeatherUnderground.a */; };
		B8A34FE91901710F001E6EB9 /* Foundation.framework in Frameworks */ = {isa = PBXBuildFile; fileRef = B8A34FE81901710F001E6EB9 /* Foundation.framework */; };
		B8A34FEB1901710F001E6EB9 /* CoreGraphics.framework in Frameworks */ = {isa = PBXBuildFile; fileRef = B8A34FEA1901710F001E6EB9 /* CoreGraphics.framework */; };
		B8A34FED1901710F001E6EB9 /* UIKit.framework in Frameworks */ = {isa = PBXBuildFile; fileRef = B8A34FEC1901710F001E6EB9 /* UIKit.framework */; };
		B8A34FF31901710F001E6EB9 /* InfoPlist.strings in Resources */ = {isa = PBXBuildFile; fileRef = B8A34FF11901710F001E6EB9 /* InfoPlist.strings */; };
		B8A34FF51901710F001E6EB9 /* main.m in Sources */ = {isa = PBXBuildFile; fileRef = B8A34FF41901710F001E6EB9 /* main.m */; };
		B8A34FF91901710F001E6EB9 /* WUAppDelegate.m in Sources */ = {isa = PBXBuildFile; fileRef = B8A34FF81901710F001E6EB9 /* WUAppDelegate.m */; };
		B8A34FFB1901710F001E6EB9 /* Images.xcassets in Resources */ = {isa = PBXBuildFile; fileRef = B8A34FFA1901710F001E6EB9 /* Images.xcassets */; };
		B8A350021901710F001E6EB9 /* XCTest.framework in Frameworks */ = {isa = PBXBuildFile; fileRef = B8A350011901710F001E6EB9 /* XCTest.framework */; };
		B8A350031901710F001E6EB9 /* Foundation.framework in Frameworks */ = {isa = PBXBuildFile; fileRef = B8A34FE81901710F001E6EB9 /* Foundation.framework */; };
		B8A350041901710F001E6EB9 /* UIKit.framework in Frameworks */ = {isa = PBXBuildFile; fileRef = B8A34FEC1901710F001E6EB9 /* UIKit.framework */; };
		B8A3500C1901710F001E6EB9 /* InfoPlist.strings in Resources */ = {isa = PBXBuildFile; fileRef = B8A3500A1901710F001E6EB9 /* InfoPlist.strings */; };
		B8DEC1F619017755008ECD0E /* WUAPIClientSpec.m in Sources */ = {isa = PBXBuildFile; fileRef = B8DEC1F519017755008ECD0E /* WUAPIClientSpec.m */; };
		B8DEC1F9190178F1008ECD0E /* WUAPIClient.m in Sources */ = {isa = PBXBuildFile; fileRef = B8DEC1F8190178F1008ECD0E /* WUAPIClient.m */; };
		B8DEC1FC19017B2F008ECD0E /* WULocationManagerSpec.m in Sources */ = {isa = PBXBuildFile; fileRef = B8DEC1FB19017B2F008ECD0E /* WULocationManagerSpec.m */; };
		B8DEC20219017C37008ECD0E /* WULocationManager.m in Sources */ = {isa = PBXBuildFile; fileRef = B8DEC20119017C37008ECD0E /* WULocationManager.m */; };
/* End PBXBuildFile section */

/* Begin PBXContainerItemProxy section */
		B8A350051901710F001E6EB9 /* PBXContainerItemProxy */ = {
			isa = PBXContainerItemProxy;
			containerPortal = B8A34FDD1901710F001E6EB9 /* Project object */;
			proxyType = 1;
			remoteGlobalIDString = B8A34FE41901710F001E6EB9;
			remoteInfo = WeatherUnderground;
		};
/* End PBXContainerItemProxy section */

/* Begin PBXFileReference section */
		3C9CBCBD2C02462194899092 /* libPods-WeatherUnderground.a */ = {isa = PBXFileReference; explicitFileType = archive.ar; includeInIndex = 0; path = "libPods-WeatherUnderground.a"; sourceTree = BUILT_PRODUCTS_DIR; };
		68F472A10567430AA82A14FC /* Pods-WeatherUnderground.xcconfig */ = {isa = PBXFileReference; includeInIndex = 1; lastKnownFileType = text.xcconfig; name = "Pods-WeatherUnderground.xcconfig"; path = "Pods/Pods-WeatherUnderground.xcconfig"; sourceTree = "<group>"; };
		88A74BD22FE94504A2286D26 /* libPods-WeatherUndergroundTests.a */ = {isa = PBXFileReference; explicitFileType = archive.ar; includeInIndex = 0; path = "libPods-WeatherUndergroundTests.a"; sourceTree = BUILT_PRODUCTS_DIR; };
		A084A1825D45470F8BC1855C /* Pods-WeatherUndergroundTests.xcconfig */ = {isa = PBXFileReference; includeInIndex = 1; lastKnownFileType = text.xcconfig; name = "Pods-WeatherUndergroundTests.xcconfig"; path = "Pods/Pods-WeatherUndergroundTests.xcconfig"; sourceTree = "<group>"; };
		B8A34FE51901710F001E6EB9 /* WeatherUnderground.app */ = {isa = PBXFileReference; explicitFileType = wrapper.application; includeInIndex = 0; path = WeatherUnderground.app; sourceTree = BUILT_PRODUCTS_DIR; };
		B8A34FE81901710F001E6EB9 /* Foundation.framework */ = {isa = PBXFileReference; lastKnownFileType = wrapper.framework; name = Foundation.framework; path = System/Library/Frameworks/Foundation.framework; sourceTree = SDKROOT; };
		B8A34FEA1901710F001E6EB9 /* CoreGraphics.framework */ = {isa = PBXFileReference; lastKnownFileType = wrapper.framework; name = CoreGraphics.framework; path = System/Library/Frameworks/CoreGraphics.framework; sourceTree = SDKROOT; };
		B8A34FEC1901710F001E6EB9 /* UIKit.framework */ = {isa = PBXFileReference; lastKnownFileType = wrapper.framework; name = UIKit.framework; path = System/Library/Frameworks/UIKit.framework; sourceTree = SDKROOT; };
		B8A34FF01901710F001E6EB9 /* WeatherUnderground-Info.plist */ = {isa = PBXFileReference; lastKnownFileType = text.plist.xml; path = "WeatherUnderground-Info.plist"; sourceTree = "<group>"; };
		B8A34FF21901710F001E6EB9 /* en */ = {isa = PBXFileReference; lastKnownFileType = text.plist.strings; name = en; path = en.lproj/InfoPlist.strings; sourceTree = "<group>"; };
		B8A34FF41901710F001E6EB9 /* main.m */ = {isa = PBXFileReference; lastKnownFileType = sourcecode.c.objc; path = main.m; sourceTree = "<group>"; };
		B8A34FF61901710F001E6EB9 /* WeatherUnderground-Prefix.pch */ = {isa = PBXFileReference; lastKnownFileType = sourcecode.c.h; path = "WeatherUnderground-Prefix.pch"; sourceTree = "<group>"; };
		B8A34FF71901710F001E6EB9 /* WUAppDelegate.h */ = {isa = PBXFileReference; lastKnownFileType = sourcecode.c.h; path = WUAppDelegate.h; sourceTree = "<group>"; };
		B8A34FF81901710F001E6EB9 /* WUAppDelegate.m */ = {isa = PBXFileReference; lastKnownFileType = sourcecode.c.objc; path = WUAppDelegate.m; sourceTree = "<group>"; };
		B8A34FFA1901710F001E6EB9 /* Images.xcassets */ = {isa = PBXFileReference; lastKnownFileType = folder.assetcatalog; path = Images.xcassets; sourceTree = "<group>"; };
		B8A350001901710F001E6EB9 /* WeatherUndergroundTests.xctest */ = {isa = PBXFileReference; explicitFileType = wrapper.cfbundle; includeInIndex = 0; path = WeatherUndergroundTests.xctest; sourceTree = BUILT_PRODUCTS_DIR; };
		B8A350011901710F001E6EB9 /* XCTest.framework */ = {isa = PBXFileReference; lastKnownFileType = wrapper.framework; name = XCTest.framework; path = Library/Frameworks/XCTest.framework; sourceTree = DEVELOPER_DIR; };
		B8A350091901710F001E6EB9 /* WeatherUndergroundTests-Info.plist */ = {isa = PBXFileReference; lastKnownFileType = text.plist.xml; path = "WeatherUndergroundTests-Info.plist"; sourceTree = "<group>"; };
		B8A3500B1901710F001E6EB9 /* en */ = {isa = PBXFileReference; lastKnownFileType = text.plist.strings; name = en; path = en.lproj/InfoPlist.strings; sourceTree = "<group>"; };
		B8DEC1F519017755008ECD0E /* WUAPIClientSpec.m */ = {isa = PBXFileReference; fileEncoding = 4; lastKnownFileType = sourcecode.c.objc; path = WUAPIClientSpec.m; sourceTree = "<group>"; };
		B8DEC1F7190178F1008ECD0E /* WUAPIClient.h */ = {isa = PBXFileReference; fileEncoding = 4; lastKnownFileType = sourcecode.c.h; path = WUAPIClient.h; sourceTree = "<group>"; };
		B8DEC1F8190178F1008ECD0E /* WUAPIClient.m */ = {isa = PBXFileReference; fileEncoding = 4; lastKnownFileType = sourcecode.c.objc; path = WUAPIClient.m; sourceTree = "<group>"; };
		B8DEC1FB19017B2F008ECD0E /* WULocationManagerSpec.m */ = {isa = PBXFileReference; fileEncoding = 4; lastKnownFileType = sourcecode.c.objc; path = WULocationManagerSpec.m; sourceTree = "<group>"; };
		B8DEC20019017C37008ECD0E /* WULocationManager.h */ = {isa = PBXFileReference; fileEncoding = 4; lastKnownFileType = sourcecode.c.h; path = WULocationManager.h; sourceTree = "<group>"; };
		B8DEC20119017C37008ECD0E /* WULocationManager.m */ = {isa = PBXFileReference; fileEncoding = 4; lastKnownFileType = sourcecode.c.objc; path = WULocationManager.m; sourceTree = "<group>"; };
/* End PBXFileReference section */

/* Begin PBXFrameworksBuildPhase section */
		B8A34FE21901710F001E6EB9 /* Frameworks */ = {
			isa = PBXFrameworksBuildPhase;
			buildActionMask = 2147483647;
			files = (
				B8A34FEB1901710F001E6EB9 /* CoreGraphics.framework in Frameworks */,
				B8A34FED1901710F001E6EB9 /* UIKit.framework in Frameworks */,
				B8A34FE91901710F001E6EB9 /* Foundation.framework in Frameworks */,
				50A2E602C25340C9ACBBAACC /* libPods-WeatherUnderground.a in Frameworks */,
			);
			runOnlyForDeploymentPostprocessing = 0;
		};
		B8A34FFD1901710F001E6EB9 /* Frameworks */ = {
			isa = PBXFrameworksBuildPhase;
			buildActionMask = 2147483647;
			files = (
				B8A350021901710F001E6EB9 /* XCTest.framework in Frameworks */,
				B8A350041901710F001E6EB9 /* UIKit.framework in Frameworks */,
				B8A350031901710F001E6EB9 /* Foundation.framework in Frameworks */,
				3D299146B7A849DBB078E8C6 /* libPods-WeatherUndergroundTests.a in Frameworks */,
			);
			runOnlyForDeploymentPostprocessing = 0;
		};
/* End PBXFrameworksBuildPhase section */

/* Begin PBXGroup section */
		B8A34FDC1901710F001E6EB9 = {
			isa = PBXGroup;
			children = (
				B8A34FEE1901710F001E6EB9 /* WeatherUnderground */,
				B8A350071901710F001E6EB9 /* WeatherUndergroundTests */,
				B8A34FE71901710F001E6EB9 /* Frameworks */,
				B8A34FE61901710F001E6EB9 /* Products */,
				A084A1825D45470F8BC1855C /* Pods-WeatherUndergroundTests.xcconfig */,
				68F472A10567430AA82A14FC /* Pods-WeatherUnderground.xcconfig */,
			);
			sourceTree = "<group>";
		};
		B8A34FE61901710F001E6EB9 /* Products */ = {
			isa = PBXGroup;
			children = (
				B8A34FE51901710F001E6EB9 /* WeatherUnderground.app */,
				B8A350001901710F001E6EB9 /* WeatherUndergroundTests.xctest */,
			);
			name = Products;
			sourceTree = "<group>";
		};
		B8A34FE71901710F001E6EB9 /* Frameworks */ = {
			isa = PBXGroup;
			children = (
				B8A34FE81901710F001E6EB9 /* Foundation.framework */,
				B8A34FEA1901710F001E6EB9 /* CoreGraphics.framework */,
				B8A34FEC1901710F001E6EB9 /* UIKit.framework */,
				B8A350011901710F001E6EB9 /* XCTest.framework */,
				88A74BD22FE94504A2286D26 /* libPods-WeatherUndergroundTests.a */,
				3C9CBCBD2C02462194899092 /* libPods-WeatherUnderground.a */,
			);
			name = Frameworks;
			sourceTree = "<group>";
		};
		B8A34FEE1901710F001E6EB9 /* WeatherUnderground */ = {
			isa = PBXGroup;
			children = (
				B8A34FF71901710F001E6EB9 /* WUAppDelegate.h */,
				B8A34FF81901710F001E6EB9 /* WUAppDelegate.m */,
				B8A34FFA1901710F001E6EB9 /* Images.xcassets */,
				B8DEC1F7190178F1008ECD0E /* WUAPIClient.h */,
				B8DEC1F8190178F1008ECD0E /* WUAPIClient.m */,
				B8A34FEF1901710F001E6EB9 /* Supporting Files */,
				B8DEC20019017C37008ECD0E /* WULocationManager.h */,
				B8DEC20119017C37008ECD0E /* WULocationManager.m */,
			);
			path = WeatherUnderground;
			sourceTree = "<group>";
		};
		B8A34FEF1901710F001E6EB9 /* Supporting Files */ = {
			isa = PBXGroup;
			children = (
				B8A34FF01901710F001E6EB9 /* WeatherUnderground-Info.plist */,
				B8A34FF11901710F001E6EB9 /* InfoPlist.strings */,
				B8A34FF41901710F001E6EB9 /* main.m */,
				B8A34FF61901710F001E6EB9 /* WeatherUnderground-Prefix.pch */,
			);
			name = "Supporting Files";
			sourceTree = "<group>";
		};
		B8A350071901710F001E6EB9 /* WeatherUndergroundTests */ = {
			isa = PBXGroup;
			children = (
				B8A350081901710F001E6EB9 /* Supporting Files */,
				B8DEC1F519017755008ECD0E /* WUAPIClientSpec.m */,
				B8DEC1FB19017B2F008ECD0E /* WULocationManagerSpec.m */,
			);
			path = WeatherUndergroundTests;
			sourceTree = "<group>";
		};
		B8A350081901710F001E6EB9 /* Supporting Files */ = {
			isa = PBXGroup;
			children = (
				B8A350091901710F001E6EB9 /* WeatherUndergroundTests-Info.plist */,
				B8A3500A1901710F001E6EB9 /* InfoPlist.strings */,
			);
			name = "Supporting Files";
			sourceTree = "<group>";
		};
/* End PBXGroup section */

/* Begin PBXNativeTarget section */
		B8A34FE41901710F001E6EB9 /* WeatherUnderground */ = {
			isa = PBXNativeTarget;
			buildConfigurationList = B8A350111901710F001E6EB9 /* Build configuration list for PBXNativeTarget "WeatherUnderground" */;
			buildPhases = (
				A5D22545F3CC4AF899BB8A9A /* Check Pods Manifest.lock */,
				B8A34FE11901710F001E6EB9 /* Sources */,
				B8A34FE21901710F001E6EB9 /* Frameworks */,
				B8A34FE31901710F001E6EB9 /* Resources */,
				E4ADB7DD09A74C51A5B19935 /* Copy Pods Resources */,
			);
			buildRules = (
			);
			dependencies = (
			);
			name = WeatherUnderground;
			productName = WeatherUnderground;
			productReference = B8A34FE51901710F001E6EB9 /* WeatherUnderground.app */;
			productType = "com.apple.product-type.application";
		};
		B8A34FFF1901710F001E6EB9 /* WeatherUndergroundTests */ = {
			isa = PBXNativeTarget;
			buildConfigurationList = B8A350141901710F001E6EB9 /* Build configuration list for PBXNativeTarget "WeatherUndergroundTests" */;
			buildPhases = (
				5FE899B642654A4FB5846206 /* Check Pods Manifest.lock */,
				B8A34FFC1901710F001E6EB9 /* Sources */,
				B8A34FFD1901710F001E6EB9 /* Frameworks */,
				B8A34FFE1901710F001E6EB9 /* Resources */,
				92DB6F1021E6443AA17340C0 /* Copy Pods Resources */,
			);
			buildRules = (
			);
			dependencies = (
				B8A350061901710F001E6EB9 /* PBXTargetDependency */,
			);
			name = WeatherUndergroundTests;
			productName = WeatherUndergroundTests;
			productReference = B8A350001901710F001E6EB9 /* WeatherUndergroundTests.xctest */;
			productType = "com.apple.product-type.bundle.unit-test";
		};
/* End PBXNativeTarget section */

/* Begin PBXProject section */
		B8A34FDD1901710F001E6EB9 /* Project object */ = {
			isa = PBXProject;
			attributes = {
				CLASSPREFIX = WU;
				LastUpgradeCheck = 0510;
				ORGANIZATIONNAME = "Chris Petersen";
				TargetAttributes = {
					B8A34FFF1901710F001E6EB9 = {
						TestTargetID = B8A34FE41901710F001E6EB9;
					};
				};
			};
			buildConfigurationList = B8A34FE01901710F001E6EB9 /* Build configuration list for PBXProject "WeatherUnderground" */;
			compatibilityVersion = "Xcode 3.2";
			developmentRegion = English;
			hasScannedForEncodings = 0;
			knownRegions = (
				en,
			);
			mainGroup = B8A34FDC1901710F001E6EB9;
			productRefGroup = B8A34FE61901710F001E6EB9 /* Products */;
			projectDirPath = "";
			projectRoot = "";
			targets = (
				B8A34FE41901710F001E6EB9 /* WeatherUnderground */,
				B8A34FFF1901710F001E6EB9 /* WeatherUndergroundTests */,
			);
		};
/* End PBXProject section */

/* Begin PBXResourcesBuildPhase section */
		B8A34FE31901710F001E6EB9 /* Resources */ = {
			isa = PBXResourcesBuildPhase;
			buildActionMask = 2147483647;
			files = (
				B8A34FF31901710F001E6EB9 /* InfoPlist.strings in Resources */,
				B8A34FFB1901710F001E6EB9 /* Images.xcassets in Resources */,
			);
			runOnlyForDeploymentPostprocessing = 0;
		};
		B8A34FFE1901710F001E6EB9 /* Resources */ = {
			isa = PBXResourcesBuildPhase;
			buildActionMask = 2147483647;
			files = (
				B8A3500C1901710F001E6EB9 /* InfoPlist.strings in Resources */,
			);
			runOnlyForDeploymentPostprocessing = 0;
		};
/* End PBXResourcesBuildPhase section */

/* Begin PBXShellScriptBuildPhase section */
		5FE899B642654A4FB5846206 /* Check Pods Manifest.lock */ = {
			isa = PBXShellScriptBuildPhase;
			buildActionMask = 2147483647;
			files = (
			);
			inputPaths = (
			);
			name = "Check Pods Manifest.lock";
			outputPaths = (
			);
			runOnlyForDeploymentPostprocessing = 0;
			shellPath = /bin/sh;
			shellScript = "diff \"${PODS_ROOT}/../Podfile.lock\" \"${PODS_ROOT}/Manifest.lock\" > /dev/null\nif [[ $? != 0 ]] ; then\n    cat << EOM\nerror: The sandbox is not in sync with the Podfile.lock. Run 'pod install' or update your CocoaPods installation.\nEOM\n    exit 1\nfi\n";
			showEnvVarsInLog = 0;
		};
		92DB6F1021E6443AA17340C0 /* Copy Pods Resources */ = {
			isa = PBXShellScriptBuildPhase;
			buildActionMask = 2147483647;
			files = (
			);
			inputPaths = (
			);
			name = "Copy Pods Resources";
			outputPaths = (
			);
			runOnlyForDeploymentPostprocessing = 0;
			shellPath = /bin/sh;
			shellScript = "\"${SRCROOT}/Pods/Pods-WeatherUndergroundTests-resources.sh\"\n";
			showEnvVarsInLog = 0;
		};
		A5D22545F3CC4AF899BB8A9A /* Check Pods Manifest.lock */ = {
			isa = PBXShellScriptBuildPhase;
			buildActionMask = 2147483647;
			files = (
			);
			inputPaths = (
			);
			name = "Check Pods Manifest.lock";
			outputPaths = (
			);
			runOnlyForDeploymentPostprocessing = 0;
			shellPath = /bin/sh;
			shellScript = "diff \"${PODS_ROOT}/../Podfile.lock\" \"${PODS_ROOT}/Manifest.lock\" > /dev/null\nif [[ $? != 0 ]] ; then\n    cat << EOM\nerror: The sandbox is not in sync with the Podfile.lock. Run 'pod install' or update your CocoaPods installation.\nEOM\n    exit 1\nfi\n";
			showEnvVarsInLog = 0;
		};
		E4ADB7DD09A74C51A5B19935 /* Copy Pods Resources */ = {
			isa = PBXShellScriptBuildPhase;
			buildActionMask = 2147483647;
			files = (
			);
			inputPaths = (
			);
			name = "Copy Pods Resources";
			outputPaths = (
			);
			runOnlyForDeploymentPostprocessing = 0;
			shellPath = /bin/sh;
			shellScript = "\"${SRCROOT}/Pods/Pods-WeatherUnderground-resources.sh\"\n";
			showEnvVarsInLog = 0;
		};
/* End PBXShellScriptBuildPhase section */

/* Begin PBXSourcesBuildPhase section */
		B8A34FE11901710F001E6EB9 /* Sources */ = {
			isa = PBXSourcesBuildPhase;
			buildActionMask = 2147483647;
			files = (
				B8A34FF91901710F001E6EB9 /* WUAppDelegate.m in Sources */,
				B8DEC1F9190178F1008ECD0E /* WUAPIClient.m in Sources */,
				B8DEC20219017C37008ECD0E /* WULocationManager.m in Sources */,
				B8A34FF51901710F001E6EB9 /* main.m in Sources */,
			);
			runOnlyForDeploymentPostprocessing = 0;
		};
		B8A34FFC1901710F001E6EB9 /* Sources */ = {
			isa = PBXSourcesBuildPhase;
			buildActionMask = 2147483647;
			files = (
				B8DEC1F619017755008ECD0E /* WUAPIClientSpec.m in Sources */,
				B8DEC1FC19017B2F008ECD0E /* WULocationManagerSpec.m in Sources */,
			);
			runOnlyForDeploymentPostprocessing = 0;
		};
/* End PBXSourcesBuildPhase section */

/* Begin PBXTargetDependency section */
		B8A350061901710F001E6EB9 /* PBXTargetDependency */ = {
			isa = PBXTargetDependency;
			target = B8A34FE41901710F001E6EB9 /* WeatherUnderground */;
			targetProxy = B8A350051901710F001E6EB9 /* PBXContainerItemProxy */;
		};
/* End PBXTargetDependency section */

/* Begin PBXVariantGroup section */
		B8A34FF11901710F001E6EB9 /* InfoPlist.strings */ = {
			isa = PBXVariantGroup;
			children = (
				B8A34FF21901710F001E6EB9 /* en */,
			);
			name = InfoPlist.strings;
			sourceTree = "<group>";
		};
		B8A3500A1901710F001E6EB9 /* InfoPlist.strings */ = {
			isa = PBXVariantGroup;
			children = (
				B8A3500B1901710F001E6EB9 /* en */,
			);
			name = InfoPlist.strings;
			sourceTree = "<group>";
		};
/* End PBXVariantGroup section */

/* Begin XCBuildConfiguration section */
		B8A3500F1901710F001E6EB9 /* Debug */ = {
			isa = XCBuildConfiguration;
			buildSettings = {
				ALWAYS_SEARCH_USER_PATHS = NO;
				CLANG_CXX_LANGUAGE_STANDARD = "gnu++0x";
				CLANG_CXX_LIBRARY = "libc++";
				CLANG_ENABLE_MODULES = YES;
				CLANG_ENABLE_OBJC_ARC = YES;
				CLANG_WARN_BOOL_CONVERSION = YES;
				CLANG_WARN_CONSTANT_CONVERSION = YES;
				CLANG_WARN_DIRECT_OBJC_ISA_USAGE = YES_ERROR;
				CLANG_WARN_EMPTY_BODY = YES;
				CLANG_WARN_ENUM_CONVERSION = YES;
				CLANG_WARN_INT_CONVERSION = YES;
				CLANG_WARN_OBJC_ROOT_CLASS = YES_ERROR;
				CLANG_WARN__DUPLICATE_METHOD_MATCH = YES;
				"CODE_SIGN_IDENTITY[sdk=iphoneos*]" = "iPhone Developer";
				COPY_PHASE_STRIP = NO;
				GCC_C_LANGUAGE_STANDARD = gnu99;
				GCC_DYNAMIC_NO_PIC = NO;
				GCC_OPTIMIZATION_LEVEL = 0;
				GCC_PREPROCESSOR_DEFINITIONS = (
					"DEBUG=1",
					"$(inherited)",
				);
				GCC_SYMBOLS_PRIVATE_EXTERN = NO;
				GCC_WARN_64_TO_32_BIT_CONVERSION = YES;
				GCC_WARN_ABOUT_RETURN_TYPE = YES_ERROR;
				GCC_WARN_UNDECLARED_SELECTOR = YES;
				GCC_WARN_UNINITIALIZED_AUTOS = YES_AGGRESSIVE;
				GCC_WARN_UNUSED_FUNCTION = YES;
				GCC_WARN_UNUSED_VARIABLE = YES;
				IPHONEOS_DEPLOYMENT_TARGET = 7.1;
				ONLY_ACTIVE_ARCH = YES;
				SDKROOT = iphoneos;
			};
			name = Debug;
		};
		B8A350101901710F001E6EB9 /* Release */ = {
			isa = XCBuildConfiguration;
			buildSettings = {
				ALWAYS_SEARCH_USER_PATHS = NO;
				CLANG_CXX_LANGUAGE_STANDARD = "gnu++0x";
				CLANG_CXX_LIBRARY = "libc++";
				CLANG_ENABLE_MODULES = YES;
				CLANG_ENABLE_OBJC_ARC = YES;
				CLANG_WARN_BOOL_CONVERSION = YES;
				CLANG_WARN_CONSTANT_CONVERSION = YES;
				CLANG_WARN_DIRECT_OBJC_ISA_USAGE = YES_ERROR;
				CLANG_WARN_EMPTY_BODY = YES;
				CLANG_WARN_ENUM_CONVERSION = YES;
				CLANG_WARN_INT_CONVERSION = YES;
				CLANG_WARN_OBJC_ROOT_CLASS = YES_ERROR;
				CLANG_WARN__DUPLICATE_METHOD_MATCH = YES;
				"CODE_SIGN_IDENTITY[sdk=iphoneos*]" = "iPhone Developer";
				COPY_PHASE_STRIP = YES;
				ENABLE_NS_ASSERTIONS = NO;
				GCC_C_LANGUAGE_STANDARD = gnu99;
				GCC_WARN_64_TO_32_BIT_CONVERSION = YES;
				GCC_WARN_ABOUT_RETURN_TYPE = YES_ERROR;
				GCC_WARN_UNDECLARED_SELECTOR = YES;
				GCC_WARN_UNINITIALIZED_AUTOS = YES_AGGRESSIVE;
				GCC_WARN_UNUSED_FUNCTION = YES;
				GCC_WARN_UNUSED_VARIABLE = YES;
				IPHONEOS_DEPLOYMENT_TARGET = 7.1;
				SDKROOT = iphoneos;
				VALIDATE_PRODUCT = YES;
			};
			name = Release;
		};
		B8A350121901710F001E6EB9 /* Debug */ = {
			isa = XCBuildConfiguration;
			baseConfigurationReference = 68F472A10567430AA82A14FC /* Pods-WeatherUnderground.xcconfig */;
			buildSettings = {
				ASSETCATALOG_COMPILER_APPICON_NAME = AppIcon;
				ASSETCATALOG_COMPILER_LAUNCHIMAGE_NAME = LaunchImage;
				GCC_PRECOMPILE_PREFIX_HEADER = YES;
				GCC_PREFIX_HEADER = "WeatherUnderground/WeatherUnderground-Prefix.pch";
				INFOPLIST_FILE = "WeatherUnderground/WeatherUnderground-Info.plist";
				PRODUCT_NAME = "$(TARGET_NAME)";
				WRAPPER_EXTENSION = app;
			};
			name = Debug;
		};
		B8A350131901710F001E6EB9 /* Release */ = {
			isa = XCBuildConfiguration;
			baseConfigurationReference = 68F472A10567430AA82A14FC /* Pods-WeatherUnderground.xcconfig */;
			buildSettings = {
				ASSETCATALOG_COMPILER_APPICON_NAME = AppIcon;
				ASSETCATALOG_COMPILER_LAUNCHIMAGE_NAME = LaunchImage;
				GCC_PRECOMPILE_PREFIX_HEADER = YES;
				GCC_PREFIX_HEADER = "WeatherUnderground/WeatherUnderground-Prefix.pch";
				INFOPLIST_FILE = "WeatherUnderground/WeatherUnderground-Info.plist";
				PRODUCT_NAME = "$(TARGET_NAME)";
				WRAPPER_EXTENSION = app;
			};
			name = Release;
		};
		B8A350151901710F001E6EB9 /* Debug */ = {
			isa = XCBuildConfiguration;
			baseConfigurationReference = A084A1825D45470F8BC1855C /* Pods-WeatherUndergroundTests.xcconfig */;
			buildSettings = {
				BUNDLE_LOADER = "$(BUILT_PRODUCTS_DIR)/WeatherUnderground.app/WeatherUnderground";
				FRAMEWORK_SEARCH_PATHS = (
					"$(SDKROOT)/Developer/Library/Frameworks",
					"$(inherited)",
					"$(DEVELOPER_FRAMEWORKS_DIR)",
				);
				GCC_PRECOMPILE_PREFIX_HEADER = YES;
				GCC_PREFIX_HEADER = "WeatherUnderground/WeatherUnderground-Prefix.pch";
				GCC_PREPROCESSOR_DEFINITIONS = (
					"DEBUG=1",
					"$(inherited)",
				);
				INFOPLIST_FILE = "WeatherUndergroundTests/WeatherUndergroundTests-Info.plist";
				PRODUCT_NAME = "$(TARGET_NAME)";
				TEST_HOST = "$(BUNDLE_LOADER)";
				WRAPPER_EXTENSION = xctest;
			};
			name = Debug;
		};
		B8A350161901710F001E6EB9 /* Release */ = {
			isa = XCBuildConfiguration;
			baseConfigurationReference = A084A1825D45470F8BC1855C /* Pods-WeatherUndergroundTests.xcconfig */;
			buildSettings = {
				BUNDLE_LOADER = "$(BUILT_PRODUCTS_DIR)/WeatherUnderground.app/WeatherUnderground";
				FRAMEWORK_SEARCH_PATHS = (
					"$(SDKROOT)/Developer/Library/Frameworks",
					"$(inherited)",
					"$(DEVELOPER_FRAMEWORKS_DIR)",
				);
				GCC_PRECOMPILE_PREFIX_HEADER = YES;
				GCC_PREFIX_HEADER = "WeatherUnderground/WeatherUnderground-Prefix.pch";
				INFOPLIST_FILE = "WeatherUndergroundTests/WeatherUndergroundTests-Info.plist";
				PRODUCT_NAME = "$(TARGET_NAME)";
				TEST_HOST = "$(BUNDLE_LOADER)";
				WRAPPER_EXTENSION = xctest;
			};
			name = Release;
		};
/* End XCBuildConfiguration section */

/* Begin XCConfigurationList section */
		B8A34FE01901710F001E6EB9 /* Build configuration list for PBXProject "WeatherUnderground" */ = {
			isa = XCConfigurationList;
			buildConfigurations = (
				B8A3500F1901710F001E6EB9 /* Debug */,
				B8A350101901710F001E6EB9 /* Release */,
			);
			defaultConfigurationIsVisible = 0;
			defaultConfigurationName = Release;
		};
		B8A350111901710F001E6EB9 /* Build configuration list for PBXNativeTarget "WeatherUnderground" */ = {
			isa = XCConfigurationList;
			buildConfigurations = (
				B8A350121901710F001E6EB9 /* Debug */,
				B8A350131901710F001E6EB9 /* Release */,
			);
			defaultConfigurationIsVisible = 0;
			defaultConfigurationName = Release;
		};
		B8A350141901710F001E6EB9 /* Build configuration list for PBXNativeTarget "WeatherUndergroundTests" */ = {
			isa = XCConfigurationList;
			buildConfigurations = (
				B8A350151901710F001E6EB9 /* Debug */,
				B8A350161901710F001E6EB9 /* Release */,
			);
			defaultConfigurationIsVisible = 0;
			defaultConfigurationName = Release;
		};
/* End XCConfigurationList section */
	};
	rootObject = B8A34FDD1901710F001E6EB9 /* Project object */;
}
